
Microsoft Visual Studio Solution File, Format Version 12.00
# Visual Studio Version 17
VisualStudioVersion = 17.4.33213.308
MinimumVisualStudioVersion = 10.0.40219.1
Project("{FAE04EC0-301F-11D3-BF4B-00C04F79EFBC}") = "pz34", "pz34\pz34.csproj", "{732B824B-BF89-436E-9B01-CA9A6720805C}"
EndProject
Global
	GlobalSection(SolutionConfigurationPlatforms) = preSolution
		Debug|Any CPU = Debug|Any CPU
		Release|Any CPU = Release|Any CPU
	EndGlobalSection
	GlobalSection(ProjectConfigurationPlatforms) = postSolution
		{732B824B-BF89-436E-9B01-CA9A6720805C}.Debug|Any CPU.ActiveCfg = Debug|Any CPU
		{732B824B-BF89-436E-9B01-CA9A6720805C}.Debug|Any CPU.Build.0 = Debug|Any CPU
		{732B824B-BF89-436E-9B01-CA9A6720805C}.Release|Any CPU.ActiveCfg = Release|Any CPU
		{732B824B-BF89-436E-9B01-CA9A6720805C}.Release|Any CPU.Build.0 = Release|Any CPU
	EndGlobalSection
	GlobalSection(SolutionProperties) = preSolution
		HideSolutionNode = FALSE
	EndGlobalSection
	GlobalSection(ExtensibilityGlobals) = postSolution
		SolutionGuid = {76E15642-4AFB-42F3-952B-917531C8732B}
	EndGlobalSection
EndGlobal
